// !$*UTF8*$!
{
	archiveVersion = 1;
	classes = {
	};
	objectVersion = 56;
	objects = {

/* Begin PBXBuildFile section */
		BB0A11E0291C27550001A8F2 /* ComposableArchitecture in Frameworks */ = {isa = PBXBuildFile; productRef = BB0A11DF291C27550001A8F2 /* ComposableArchitecture */; };
		BB2EFA37291B09280052B0A9 /* Apollo in Frameworks */ = {isa = PBXBuildFile; productRef = BB2EFA36291B09280052B0A9 /* Apollo */; };
		BB2EFA39291B09280052B0A9 /* ApolloAPI in Frameworks */ = {isa = PBXBuildFile; productRef = BB2EFA38291B09280052B0A9 /* ApolloAPI */; };
		BB682FE0291ADB9A008AA7C4 /* Movie_ChallengeApp.swift in Sources */ = {isa = PBXBuildFile; fileRef = BB682FDF291ADB9A008AA7C4 /* Movie_ChallengeApp.swift */; };
		BB682FE2291ADB9A008AA7C4 /* HomeView.swift in Sources */ = {isa = PBXBuildFile; fileRef = BB682FE1291ADB9A008AA7C4 /* HomeView.swift */; };
		BB682FE4291ADB9E008AA7C4 /* Assets.xcassets in Resources */ = {isa = PBXBuildFile; fileRef = BB682FE3291ADB9E008AA7C4 /* Assets.xcassets */; };
		BB682FE7291ADB9E008AA7C4 /* Preview Assets.xcassets in Resources */ = {isa = PBXBuildFile; fileRef = BB682FE6291ADB9E008AA7C4 /* Preview Assets.xcassets */; };
		BB8A591F291B642E008BF76E /* MovieAPI in Frameworks */ = {isa = PBXBuildFile; productRef = BB8A591E291B642E008BF76E /* MovieAPI */; };
		BB8A5922291B7E27008BF76E /* Movie.swift in Sources */ = {isa = PBXBuildFile; fileRef = BB8A5921291B7E27008BF76E /* Movie.swift */; };
/* End PBXBuildFile section */

/* Begin PBXFileReference section */
		BB50DB62291B6359009DFA17 /* MovieAPI */ = {isa = PBXFileReference; lastKnownFileType = wrapper; path = MovieAPI; sourceTree = "<group>"; };
		BB682FDC291ADB9A008AA7C4 /* Movie Challenge.app */ = {isa = PBXFileReference; explicitFileType = wrapper.application; includeInIndex = 0; path = "Movie Challenge.app"; sourceTree = BUILT_PRODUCTS_DIR; };
		BB682FDF291ADB9A008AA7C4 /* Movie_ChallengeApp.swift */ = {isa = PBXFileReference; lastKnownFileType = sourcecode.swift; path = Movie_ChallengeApp.swift; sourceTree = "<group>"; };
		BB682FE1291ADB9A008AA7C4 /* HomeView.swift */ = {isa = PBXFileReference; lastKnownFileType = sourcecode.swift; path = HomeView.swift; sourceTree = "<group>"; };
		BB682FE3291ADB9E008AA7C4 /* Assets.xcassets */ = {isa = PBXFileReference; lastKnownFileType = folder.assetcatalog; path = Assets.xcassets; sourceTree = "<group>"; };
		BB682FE6291ADB9E008AA7C4 /* Preview Assets.xcassets */ = {isa = PBXFileReference; lastKnownFileType = folder.assetcatalog; path = "Preview Assets.xcassets"; sourceTree = "<group>"; };
		BB8A5921291B7E27008BF76E /* Movie.swift */ = {isa = PBXFileReference; lastKnownFileType = sourcecode.swift; path = Movie.swift; sourceTree = "<group>"; };
/* End PBXFileReference section */

/* Begin PBXFrameworksBuildPhase section */
		BB682FD9291ADB9A008AA7C4 /* Frameworks */ = {
			isa = PBXFrameworksBuildPhase;
			buildActionMask = 2147483647;
			files = (
				BB8A591F291B642E008BF76E /* MovieAPI in Frameworks */,
				BB2EFA39291B09280052B0A9 /* ApolloAPI in Frameworks */,
				BB0A11E0291C27550001A8F2 /* ComposableArchitecture in Frameworks */,
				BB2EFA37291B09280052B0A9 /* Apollo in Frameworks */,
			);
			runOnlyForDeploymentPostprocessing = 0;
		};
/* End PBXFrameworksBuildPhase section */

/* Begin PBXGroup section */
		BB50DB60291B5EA6009DFA17 /* Packages */ = {
			isa = PBXGroup;
			children = (
				BB50DB62291B6359009DFA17 /* MovieAPI */,
			);
			name = Packages;
			sourceTree = "<group>";
		};
		BB682FD3291ADB9A008AA7C4 = {
			isa = PBXGroup;
			children = (
				BB50DB60291B5EA6009DFA17 /* Packages */,
				BB682FDE291ADB9A008AA7C4 /* Movie Challenge */,
				BB682FDD291ADB9A008AA7C4 /* Products */,
				BB8A591D291B642E008BF76E /* Frameworks */,
			);
			sourceTree = "<group>";
		};
		BB682FDD291ADB9A008AA7C4 /* Products */ = {
			isa = PBXGroup;
			children = (
				BB682FDC291ADB9A008AA7C4 /* Movie Challenge.app */,
			);
			name = Products;
			sourceTree = "<group>";
		};
		BB682FDE291ADB9A008AA7C4 /* Movie Challenge */ = {
			isa = PBXGroup;
			children = (
				BB682FDF291ADB9A008AA7C4 /* Movie_ChallengeApp.swift */,
				BB682FE1291ADB9A008AA7C4 /* HomeView.swift */,
				BB8A5920291B7E0B008BF76E /* Extensions */,
				BB682FE3291ADB9E008AA7C4 /* Assets.xcassets */,
				BB682FE5291ADB9E008AA7C4 /* Preview Content */,
			);
			path = "Movie Challenge";
			sourceTree = "<group>";
		};
		BB682FE5291ADB9E008AA7C4 /* Preview Content */ = {
			isa = PBXGroup;
			children = (
				BB682FE6291ADB9E008AA7C4 /* Preview Assets.xcassets */,
			);
			path = "Preview Content";
			sourceTree = "<group>";
		};
		BB8A591D291B642E008BF76E /* Frameworks */ = {
			isa = PBXGroup;
			children = (
			);
			name = Frameworks;
			sourceTree = "<group>";
		};
		BB8A5920291B7E0B008BF76E /* Extensions */ = {
			isa = PBXGroup;
			children = (
				BB8A5921291B7E27008BF76E /* Movie.swift */,
			);
			path = Extensions;
			sourceTree = "<group>";
		};
/* End PBXGroup section */

/* Begin PBXNativeTarget section */
		BB682FDB291ADB9A008AA7C4 /* Movie Challenge */ = {
			isa = PBXNativeTarget;
			buildConfigurationList = BB682FEA291ADB9E008AA7C4 /* Build configuration list for PBXNativeTarget "Movie Challenge" */;
			buildPhases = (
				BB682FD8291ADB9A008AA7C4 /* Sources */,
				BB682FD9291ADB9A008AA7C4 /* Frameworks */,
				BB682FDA291ADB9A008AA7C4 /* Resources */,
			);
			buildRules = (
			);
			dependencies = (
			);
			name = "Movie Challenge";
			packageProductDependencies = (
				BB2EFA36291B09280052B0A9 /* Apollo */,
				BB2EFA38291B09280052B0A9 /* ApolloAPI */,
				BB8A591E291B642E008BF76E /* MovieAPI */,
				BB0A11DF291C27550001A8F2 /* ComposableArchitecture */,
			);
			productName = "Movie Challenge";
			productReference = BB682FDC291ADB9A008AA7C4 /* Movie Challenge.app */;
			productType = "com.apple.product-type.application";
		};
/* End PBXNativeTarget section */

/* Begin PBXProject section */
		BB682FD4291ADB9A008AA7C4 /* Project object */ = {
			isa = PBXProject;
			attributes = {
				BuildIndependentTargetsInParallel = 1;
				LastSwiftUpdateCheck = 1400;
				LastUpgradeCheck = 1400;
				TargetAttributes = {
					BB682FDB291ADB9A008AA7C4 = {
						CreatedOnToolsVersion = 14.0.1;
					};
				};
			};
			buildConfigurationList = BB682FD7291ADB9A008AA7C4 /* Build configuration list for PBXProject "Movie Challenge" */;
			compatibilityVersion = "Xcode 14.0";
			developmentRegion = en;
			hasScannedForEncodings = 0;
			knownRegions = (
				en,
				Base,
			);
			mainGroup = BB682FD3291ADB9A008AA7C4;
			packageReferences = (
				BB2EFA35291B09280052B0A9 /* XCRemoteSwiftPackageReference "apollo-ios" */,
				BB0A11DE291C27550001A8F2 /* XCRemoteSwiftPackageReference "swift-composable-architecture" */,
			);
			productRefGroup = BB682FDD291ADB9A008AA7C4 /* Products */;
			projectDirPath = "";
			projectRoot = "";
			targets = (
				BB682FDB291ADB9A008AA7C4 /* Movie Challenge */,
			);
		};
/* End PBXProject section */

/* Begin PBXResourcesBuildPhase section */
		BB682FDA291ADB9A008AA7C4 /* Resources */ = {
			isa = PBXResourcesBuildPhase;
			buildActionMask = 2147483647;
			files = (
				BB682FE7291ADB9E008AA7C4 /* Preview Assets.xcassets in Resources */,
				BB682FE4291ADB9E008AA7C4 /* Assets.xcassets in Resources */,
			);
			runOnlyForDeploymentPostprocessing = 0;
		};
/* End PBXResourcesBuildPhase section */

/* Begin PBXSourcesBuildPhase section */
		BB682FD8291ADB9A008AA7C4 /* Sources */ = {
			isa = PBXSourcesBuildPhase;
			buildActionMask = 2147483647;
			files = (
				BB8A5922291B7E27008BF76E /* Movie.swift in Sources */,
				BB682FE2291ADB9A008AA7C4 /* HomeView.swift in Sources */,
				BB682FE0291ADB9A008AA7C4 /* Movie_ChallengeApp.swift in Sources */,
			);
			runOnlyForDeploymentPostprocessing = 0;
		};
/* End PBXSourcesBuildPhase section */

/* Begin XCBuildConfiguration section */
		BB682FE8291ADB9E008AA7C4 /* Debug */ = {
			isa = XCBuildConfiguration;
			buildSettings = {
				ALWAYS_SEARCH_USER_PATHS = NO;
				CLANG_ANALYZER_NONNULL = YES;
				CLANG_ANALYZER_NUMBER_OBJECT_CONVERSION = YES_AGGRESSIVE;
				CLANG_CXX_LANGUAGE_STANDARD = "gnu++20";
				CLANG_ENABLE_MODULES = YES;
				CLANG_ENABLE_OBJC_ARC = YES;
				CLANG_ENABLE_OBJC_WEAK = YES;
				CLANG_WARN_BLOCK_CAPTURE_AUTORELEASING = YES;
				CLANG_WARN_BOOL_CONVERSION = YES;
				CLANG_WARN_COMMA = YES;
				CLANG_WARN_CONSTANT_CONVERSION = YES;
				CLANG_WARN_DEPRECATED_OBJC_IMPLEMENTATIONS = YES;
				CLANG_WARN_DIRECT_OBJC_ISA_USAGE = YES_ERROR;
				CLANG_WARN_DOCUMENTATION_COMMENTS = YES;
				CLANG_WARN_EMPTY_BODY = YES;
				CLANG_WARN_ENUM_CONVERSION = YES;
				CLANG_WARN_INFINITE_RECURSION = YES;
				CLANG_WARN_INT_CONVERSION = YES;
				CLANG_WARN_NON_LITERAL_NULL_CONVERSION = YES;
				CLANG_WARN_OBJC_IMPLICIT_RETAIN_SELF = YES;
				CLANG_WARN_OBJC_LITERAL_CONVERSION = YES;
				CLANG_WARN_OBJC_ROOT_CLASS = YES_ERROR;
				CLANG_WARN_QUOTED_INCLUDE_IN_FRAMEWORK_HEADER = YES;
				CLANG_WARN_RANGE_LOOP_ANALYSIS = YES;
				CLANG_WARN_STRICT_PROTOTYPES = YES;
				CLANG_WARN_SUSPICIOUS_MOVE = YES;
				CLANG_WARN_UNGUARDED_AVAILABILITY = YES_AGGRESSIVE;
				CLANG_WARN_UNREACHABLE_CODE = YES;
				CLANG_WARN__DUPLICATE_METHOD_MATCH = YES;
				COPY_PHASE_STRIP = NO;
				DEBUG_INFORMATION_FORMAT = dwarf;
				ENABLE_STRICT_OBJC_MSGSEND = YES;
				ENABLE_TESTABILITY = YES;
				GCC_C_LANGUAGE_STANDARD = gnu11;
				GCC_DYNAMIC_NO_PIC = NO;
				GCC_NO_COMMON_BLOCKS = YES;
				GCC_OPTIMIZATION_LEVEL = 0;
				GCC_PREPROCESSOR_DEFINITIONS = (
					"DEBUG=1",
					"$(inherited)",
				);
				GCC_WARN_64_TO_32_BIT_CONVERSION = YES;
				GCC_WARN_ABOUT_RETURN_TYPE = YES_ERROR;
				GCC_WARN_UNDECLARED_SELECTOR = YES;
				GCC_WARN_UNINITIALIZED_AUTOS = YES_AGGRESSIVE;
				GCC_WARN_UNUSED_FUNCTION = YES;
				GCC_WARN_UNUSED_VARIABLE = YES;
				IPHONEOS_DEPLOYMENT_TARGET = 16.0;
				MTL_ENABLE_DEBUG_INFO = INCLUDE_SOURCE;
				MTL_FAST_MATH = YES;
				ONLY_ACTIVE_ARCH = YES;
				SDKROOT = iphoneos;
				SWIFT_ACTIVE_COMPILATION_CONDITIONS = DEBUG;
				SWIFT_OPTIMIZATION_LEVEL = "-Onone";
			};
			name = Debug;
		};
		BB682FE9291ADB9E008AA7C4 /* Release */ = {
			isa = XCBuildConfiguration;
			buildSettings = {
				ALWAYS_SEARCH_USER_PATHS = NO;
				CLANG_ANALYZER_NONNULL = YES;
				CLANG_ANALYZER_NUMBER_OBJECT_CONVERSION = YES_AGGRESSIVE;
				CLANG_CXX_LANGUAGE_STANDARD = "gnu++20";
				CLANG_ENABLE_MODULES = YES;
				CLANG_ENABLE_OBJC_ARC = YES;
				CLANG_ENABLE_OBJC_WEAK = YES;
				CLANG_WARN_BLOCK_CAPTURE_AUTORELEASING = YES;
				CLANG_WARN_BOOL_CONVERSION = YES;
				CLANG_WARN_COMMA = YES;
				CLANG_WARN_CONSTANT_CONVERSION = YES;
				CLANG_WARN_DEPRECATED_OBJC_IMPLEMENTATIONS = YES;
				CLANG_WARN_DIRECT_OBJC_ISA_USAGE = YES_ERROR;
				CLANG_WARN_DOCUMENTATION_COMMENTS = YES;
				CLANG_WARN_EMPTY_BODY = YES;
				CLANG_WARN_ENUM_CONVERSION = YES;
				CLANG_WARN_INFINITE_RECURSION = YES;
				CLANG_WARN_INT_CONVERSION = YES;
				CLANG_WARN_NON_LITERAL_NULL_CONVERSION = YES;
				CLANG_WARN_OBJC_IMPLICIT_RETAIN_SELF = YES;
				CLANG_WARN_OBJC_LITERAL_CONVERSION = YES;
				CLANG_WARN_OBJC_ROOT_CLASS = YES_ERROR;
				CLANG_WARN_QUOTED_INCLUDE_IN_FRAMEWORK_HEADER = YES;
				CLANG_WARN_RANGE_LOOP_ANALYSIS = YES;
				CLANG_WARN_STRICT_PROTOTYPES = YES;
				CLANG_WARN_SUSPICIOUS_MOVE = YES;
				CLANG_WARN_UNGUARDED_AVAILABILITY = YES_AGGRESSIVE;
				CLANG_WARN_UNREACHABLE_CODE = YES;
				CLANG_WARN__DUPLICATE_METHOD_MATCH = YES;
				COPY_PHASE_STRIP = NO;
				DEBUG_INFORMATION_FORMAT = "dwarf-with-dsym";
				ENABLE_NS_ASSERTIONS = NO;
				ENABLE_STRICT_OBJC_MSGSEND = YES;
				GCC_C_LANGUAGE_STANDARD = gnu11;
				GCC_NO_COMMON_BLOCKS = YES;
				GCC_WARN_64_TO_32_BIT_CONVERSION = YES;
				GCC_WARN_ABOUT_RETURN_TYPE = YES_ERROR;
				GCC_WARN_UNDECLARED_SELECTOR = YES;
				GCC_WARN_UNINITIALIZED_AUTOS = YES_AGGRESSIVE;
				GCC_WARN_UNUSED_FUNCTION = YES;
				GCC_WARN_UNUSED_VARIABLE = YES;
				IPHONEOS_DEPLOYMENT_TARGET = 16.0;
				MTL_ENABLE_DEBUG_INFO = NO;
				MTL_FAST_MATH = YES;
				SDKROOT = iphoneos;
				SWIFT_COMPILATION_MODE = wholemodule;
				SWIFT_OPTIMIZATION_LEVEL = "-O";
				VALIDATE_PRODUCT = YES;
			};
			name = Release;
		};
		BB682FEB291ADB9E008AA7C4 /* Debug */ = {
			isa = XCBuildConfiguration;
			buildSettings = {
				ASSETCATALOG_COMPILER_APPICON_NAME = AppIcon;
				ASSETCATALOG_COMPILER_GLOBAL_ACCENT_COLOR_NAME = AccentColor;
				CODE_SIGN_STYLE = Automatic;
				CURRENT_PROJECT_VERSION = 1;
				DEVELOPMENT_ASSET_PATHS = "\"Movie Challenge/Preview Content\"";
				DEVELOPMENT_TEAM = C7Y36F432B;
				ENABLE_PREVIEWS = YES;
				GENERATE_INFOPLIST_FILE = YES;
				INFOPLIST_KEY_UIApplicationSceneManifest_Generation = YES;
				INFOPLIST_KEY_UIApplicationSupportsIndirectInputEvents = YES;
				INFOPLIST_KEY_UILaunchScreen_Generation = YES;
				INFOPLIST_KEY_UISupportedInterfaceOrientations_iPad = "UIInterfaceOrientationPortrait UIInterfaceOrientationPortraitUpsideDown UIInterfaceOrientationLandscapeLeft UIInterfaceOrientationLandscapeRight";
				INFOPLIST_KEY_UISupportedInterfaceOrientations_iPhone = "UIInterfaceOrientationPortrait UIInterfaceOrientationLandscapeLeft UIInterfaceOrientationLandscapeRight";
				LD_RUNPATH_SEARCH_PATHS = (
					"$(inherited)",
					"@executable_path/Frameworks",
				);
				MARKETING_VERSION = 1.0;
				PRODUCT_BUNDLE_IDENTIFIER = "com.patrickveilleux.Movie-Challenge";
				PRODUCT_NAME = "$(TARGET_NAME)";
				SWIFT_EMIT_LOC_STRINGS = YES;
				SWIFT_VERSION = 5.0;
				TARGETED_DEVICE_FAMILY = "1,2";
			};
			name = Debug;
		};
		BB682FEC291ADB9E008AA7C4 /* Release */ = {
			isa = XCBuildConfiguration;
			buildSettings = {
				ASSETCATALOG_COMPILER_APPICON_NAME = AppIcon;
				ASSETCATALOG_COMPILER_GLOBAL_ACCENT_COLOR_NAME = AccentColor;
				CODE_SIGN_STYLE = Automatic;
				CURRENT_PROJECT_VERSION = 1;
				DEVELOPMENT_ASSET_PATHS = "\"Movie Challenge/Preview Content\"";
				DEVELOPMENT_TEAM = C7Y36F432B;
				ENABLE_PREVIEWS = YES;
				GENERATE_INFOPLIST_FILE = YES;
				INFOPLIST_KEY_UIApplicationSceneManifest_Generation = YES;
				INFOPLIST_KEY_UIApplicationSupportsIndirectInputEvents = YES;
				INFOPLIST_KEY_UILaunchScreen_Generation = YES;
				INFOPLIST_KEY_UISupportedInterfaceOrientations_iPad = "UIInterfaceOrientationPortrait UIInterfaceOrientationPortraitUpsideDown UIInterfaceOrientationLandscapeLeft UIInterfaceOrientationLandscapeRight";
				INFOPLIST_KEY_UISupportedInterfaceOrientations_iPhone = "UIInterfaceOrientationPortrait UIInterfaceOrientationLandscapeLeft UIInterfaceOrientationLandscapeRight";
				LD_RUNPATH_SEARCH_PATHS = (
					"$(inherited)",
					"@executable_path/Frameworks",
				);
				MARKETING_VERSION = 1.0;
				PRODUCT_BUNDLE_IDENTIFIER = "com.patrickveilleux.Movie-Challenge";
				PRODUCT_NAME = "$(TARGET_NAME)";
				SWIFT_EMIT_LOC_STRINGS = YES;
				SWIFT_VERSION = 5.0;
				TARGETED_DEVICE_FAMILY = "1,2";
			};
			name = Release;
		};
/* End XCBuildConfiguration section */

/* Begin XCConfigurationList section */
		BB682FD7291ADB9A008AA7C4 /* Build configuration list for PBXProject "Movie Challenge" */ = {
			isa = XCConfigurationList;
			buildConfigurations = (
				BB682FE8291ADB9E008AA7C4 /* Debug */,
				BB682FE9291ADB9E008AA7C4 /* Release */,
			);
			defaultConfigurationIsVisible = 0;
			defaultConfigurationName = Release;
		};
		BB682FEA291ADB9E008AA7C4 /* Build configuration list for PBXNativeTarget "Movie Challenge" */ = {
			isa = XCConfigurationList;
			buildConfigurations = (
				BB682FEB291ADB9E008AA7C4 /* Debug */,
				BB682FEC291ADB9E008AA7C4 /* Release */,
			);
			defaultConfigurationIsVisible = 0;
			defaultConfigurationName = Release;
		};
/* End XCConfigurationList section */

/* Begin XCRemoteSwiftPackageReference section */
		BB0A11DE291C27550001A8F2 /* XCRemoteSwiftPackageReference "swift-composable-architecture" */ = {
			isa = XCRemoteSwiftPackageReference;
			repositoryURL = "https://github.com/pointfreeco/swift-composable-architecture";
			requirement = {
				kind = exactVersion;
				version = 0.45.0;
			};
		};
		BB2EFA35291B09280052B0A9 /* XCRemoteSwiftPackageReference "apollo-ios" */ = {
			isa = XCRemoteSwiftPackageReference;
			repositoryURL = "https://github.com/apollographql/apollo-ios";
			requirement = {
				kind = exactVersion;
				version = 1.0.3;
			};
		};
/* End XCRemoteSwiftPackageReference section */

/* Begin XCSwiftPackageProductDependency section */
		BB0A11DF291C27550001A8F2 /* ComposableArchitecture */ = {
			isa = XCSwiftPackageProductDependency;
			package = BB0A11DE291C27550001A8F2 /* XCRemoteSwiftPackageReference "swift-composable-architecture" */;
			productName = ComposableArchitecture;
		};
		BB2EFA36291B09280052B0A9 /* Apollo */ = {
			isa = XCSwiftPackageProductDependency;
			package = BB2EFA35291B09280052B0A9 /* XCRemoteSwiftPackageReference "apollo-ios" */;
			productName = Apollo;
		};
		BB2EFA38291B09280052B0A9 /* ApolloAPI */ = {
			isa = XCSwiftPackageProductDependency;
			package = BB2EFA35291B09280052B0A9 /* XCRemoteSwiftPackageReference "apollo-ios" */;
			productName = ApolloAPI;
		};
		BB8A591E291B642E008BF76E /* MovieAPI */ = {
			isa = XCSwiftPackageProductDependency;
			productName = MovieAPI;
		};
/* End XCSwiftPackageProductDependency section */
	};
	rootObject = BB682FD4291ADB9A008AA7C4 /* Project object */;
}
